# This file is autogenerated, do not edit; changes may be undone by the next 'dep ensure'.


[[projects]]
  branch = "master"
  name = "github.com/BurntSushi/toml"
  packages = ["."]
  revision = "a368813c5e648fee92e5f6c30e3944ff9d5e8895"

[[projects]]
  name = "github.com/PuerkitoBio/purell"
  packages = ["."]
  revision = "0bcb03f4b4d0a9428594752bd2a3b9aa0a9d4bd4"
  version = "v1.1.0"

[[projects]]
  branch = "master"
  name = "github.com/PuerkitoBio/urlesc"
  packages = ["."]
  revision = "de5bf2ad457846296e2031421a34e2568e304e35"

[[projects]]
  name = "github.com/alecthomas/chroma"
  packages = [".","formatters","formatters/html","lexers","styles"]
  revision = "e0f32fbcb59bc99c521910291b7ba8ecdb17ca34"
  version = "v0.2.1"

[[projects]]
  name = "github.com/aws/aws-sdk-go"
  packages = ["aws","aws/awserr","aws/awsutil","aws/client","aws/client/metadata","aws/corehandlers","aws/credentials","aws/credentials/ec2rolecreds","aws/credentials/endpointcreds","aws/credentials/stscreds","aws/defaults","aws/ec2metadata","aws/endpoints","aws/request","aws/session","aws/signer/v4","internal/sdkrand","internal/shareddefaults","private/protocol","private/protocol/query","private/protocol/query/queryutil","private/protocol/rest","private/protocol/restxml","private/protocol/xml/xmlutil","service/cloudfront","service/sts"]
  revision = "63324a33d7e42a386c04d4daec764a3de243492e"
  version = "v1.13.0"

[[projects]]
  branch = "master"
  name = "github.com/baltimore-sun-data/boreas"
  packages = [".","invalidator"]
  revision = "29a3e54406ba7a97f95c5b8424edc2761fdf31c2"

[[projects]]
  branch = "master"
  name = "github.com/bep/gitmap"
  packages = ["."]
  revision = "de8030ebafb76c6e84d50ee6d143382637c00598"

[[projects]]
  name = "github.com/bep/s3deploy"
  packages = [".","lib"]
  revision = "1b3c818df75adc87e86af04107ea589723010da4"
  version = "v1.3.1"

[[projects]]
  name = "github.com/carlmjohnson/scattered"
  packages = [".","cmd/scattered"]
  revision = "38a550b413fb33494f957d9ced907827af5ba0de"
  version = "v0.1.0"

[[projects]]
  name = "github.com/chaseadamsio/goorgeous"
  packages = ["."]
  revision = "dcf1ef873b8987bf12596fe6951c48347986eb2f"
  version = "v1.1.0"

[[projects]]
  name = "github.com/cpuguy83/go-md2man"
  packages = ["md2man"]
  revision = "20f5889cbdc3c73dbd2862796665e7c465ade7d1"
  version = "v1.0.8"

[[projects]]
  branch = "master"
  name = "github.com/danwakefield/fnmatch"
  packages = ["."]
  revision = "cbb64ac3d964b81592e64f957ad53df015803288"

[[projects]]
  name = "github.com/disintegration/imaging"
  packages = ["."]
  revision = "dd50a3ee9985ccd313a2f03c398fcaedc96dc707"
  version = "v1.2.4"

[[projects]]
  name = "github.com/dlclark/regexp2"
  packages = [".","syntax"]
  revision = "487489b64fb796de2e55f4e8a4ad1e145f80e957"
  version = "v1.1.6"

[[projects]]
  branch = "master"
  name = "github.com/dustin/go-humanize"
  packages = ["."]
  revision = "bb3d318650d48840a39aa21a027c6630e198e626"

[[projects]]
  branch = "master"
  name = "github.com/eknkc/amber"
  packages = [".","parser"]
  revision = "cdade1c073850f4ffc70a829e31235ea6892853b"

[[projects]]
  name = "github.com/fsnotify/fsnotify"
  packages = ["."]
  revision = "c2828203cd70a50dcccfb2761f8b1f8ceef9a8e9"
  version = "v1.4.7"

[[projects]]
  name = "github.com/go-ini/ini"
  packages = ["."]
  revision = "32e4c1e6bc4e7d0d8451aa6b75200d19e37a536a"
  version = "v1.32.0"

[[projects]]
  name = "github.com/gobuffalo/envy"
  packages = ["."]
  revision = "e613c80275b86293880eddeb27417c9a7c670ff3"
  version = "v1.3.0"

[[projects]]
  name = "github.com/gobwas/glob"
  packages = [".","compiler","match","syntax","syntax/ast","syntax/lexer","util/runes","util/strings"]
  revision = "5ccd90ef52e1e632236f7326478d4faa74f99438"
  version = "v0.2.3"

[[projects]]
  name = "github.com/gohugoio/hugo"
  packages = ["bufferpool","cache","commands","common/types","compare","config","create","deps","docshelper","helpers","hugofs","hugolib","i18n","livereload","media","metrics","output","parser","related","releaser","resource","source","tpl","tpl/cast","tpl/collections","tpl/compare","tpl/crypto","tpl/data","tpl/encoding","tpl/fmt","tpl/images","tpl/inflect","tpl/internal","tpl/lang","tpl/math","tpl/os","tpl/partials","tpl/safe","tpl/strings","tpl/time","tpl/tplimpl","tpl/transform","tpl/urls","transform","utils","watcher"]
  revision = "18e3657a2a405b1bbfda2b49444546c0f1184853"
  version = "v0.36"

[[projects]]
  name = "github.com/gorilla/websocket"
  packages = ["."]
  revision = "ea4d1f681babbce9545c9c5f3d5194a789c89f5b"
  version = "v1.2.0"

[[projects]]
  branch = "master"
  name = "github.com/hashicorp/go-immutable-radix"
  packages = ["."]
  revision = "7f3cd4390caab3250a57f30efdb2a65dd7649ecf"

[[projects]]
  branch = "master"
  name = "github.com/hashicorp/golang-lru"
  packages = ["simplelru"]
  revision = "0fb14efe8c47ae851c0034ed7a448854d3d34cf3"

[[projects]]
  branch = "master"
  name = "github.com/hashicorp/hcl"
  packages = [".","hcl/ast","hcl/parser","hcl/scanner","hcl/strconv","hcl/token","json/parser","json/scanner","json/token"]
  revision = "23c074d0eceb2b8a5bfdbb271ab780cde70f05a8"

[[projects]]
  name = "github.com/inconshreveable/mousetrap"
  packages = ["."]
  revision = "76626ae9c91c4f2a10f34cad8ce83ea42c93bb75"
  version = "v1.0"

[[projects]]
  name = "github.com/jdkato/prose"
  packages = ["internal/util","transform"]
  revision = "20d3663d4bc9dd10d75abcde9d92e04b4861c674"
  version = "v1.1.0"

[[projects]]
  name = "github.com/jmespath/go-jmespath"
  packages = ["."]
  revision = "0b12d6b5"

[[projects]]
  name = "github.com/joho/godotenv"
  packages = ["."]
  revision = "a79fa1e548e2c689c241d10173efd51e5d689d5b"
  version = "v1.2.0"

[[projects]]
  name = "github.com/kyokomi/emoji"
  packages = ["."]
  revision = "7e06b236c489543f53868841f188a294e3383eab"
  version = "v1.5"

[[projects]]
  name = "github.com/magefile/mage"
  packages = ["mg","sh"]
  revision = "2f974307b636f59c13b88704cf350a4772fef271"
  version = "v1.0.2"

[[projects]]
  name = "github.com/magiconair/properties"
  packages = ["."]
  revision = "d419a98cdbed11a922bf76f257b7c4be79b50e73"
  version = "v1.7.4"

[[projects]]
  branch = "master"
  name = "github.com/markbates/inflect"
  packages = ["."]
  revision = "fec282d55240317f603bca7e2e4d81865cc84f4e"

[[projects]]
  name = "github.com/matryer/try"
  packages = ["."]
  revision = "312d2599e12e89ca89b52a09597394f449235d80"
  version = "v1"

[[projects]]
  name = "github.com/mattn/go-runewidth"
  packages = ["."]
  revision = "9e777a8366cce605130a531d2cd6363d07ad7317"
  version = "v0.0.2"

[[projects]]
  name = "github.com/miekg/mmark"
  packages = ["."]
  revision = "fd2f6c1403b37925bd7fe13af05853b8ae58ee5f"
  version = "v1.3.6"

[[projects]]
  branch = "master"
  name = "github.com/mitchellh/go-homedir"
  packages = ["."]
  revision = "b8bc1bf767474819792c23f32d8286a45736f1c6"

[[projects]]
  branch = "master"
  name = "github.com/mitchellh/goamz"
  packages = ["aws","s3"]
  revision = "caaaea8b30ee15616494ee68abd5d8ebbbef05cf"

[[projects]]
  branch = "master"
  name = "github.com/mitchellh/mapstructure"
  packages = ["."]
  revision = "a4e142e9c047c904fa2f1e144d9a84e6133024bc"

[[projects]]
  branch = "master"
  name = "github.com/muesli/smartcrop"
  packages = [".","options"]
  revision = "1db484956b9ef929344e51701299a017beefdaaa"

[[projects]]
  name = "github.com/nicksnyder/go-i18n"
  packages = ["i18n/bundle","i18n/language","i18n/translation"]
  revision = "0dc1626d56435e9d605a29875701721c54bc9bbd"
  version = "v1.10.0"

[[projects]]
  branch = "master"
  name = "github.com/olekukonko/tablewriter"
  packages = ["."]
  revision = "b8a9be070da40449e501c3c4730a889e42d87a9e"

[[projects]]
  name = "github.com/pelletier/go-toml"
  packages = ["."]
  revision = "acdc4509485b587f5e675510c4f2c63e90ff68a8"
  version = "v1.1.0"

[[projects]]
  name = "github.com/russross/blackfriday"
  packages = ["."]
  revision = "4048872b16cc0fc2c5fd9eacf0ed2c2fedaa0c8c"
  version = "v1.5"

[[projects]]
  branch = "master"
  name = "github.com/shurcooL/sanitized_anchor_name"
  packages = ["."]
  revision = "86672fcb3f950f35f2e675df2240550f2a50762f"

[[projects]]
  name = "github.com/spf13/afero"
  packages = [".","mem"]
  revision = "bb8f1927f2a9d3ab41c9340aa034f6b803f4359c"
  version = "v1.0.2"

[[projects]]
  name = "github.com/spf13/cast"
  packages = ["."]
  revision = "acbeb36b902d72a7a4c18e8f3241075e7ab763e4"
  version = "v1.1.0"

[[projects]]
  branch = "master"
  name = "github.com/spf13/cobra"
  packages = [".","doc"]
  revision = "be77323fc05148ef091e83b3866c0d47c8e74a8b"

[[projects]]
  branch = "master"
  name = "github.com/spf13/fsync"
  packages = ["."]
  revision = "12a01e648f05a938100a26858d2d59a120307a18"

[[projects]]
  name = "github.com/spf13/hugo"
  packages = ["."]
  revision = "18e3657a2a405b1bbfda2b49444546c0f1184853"
  version = "v0.36"

[[projects]]
  branch = "master"
  name = "github.com/spf13/jwalterweatherman"
  packages = ["."]
  revision = "7c0cea34c8ece3fbeb2b27ab9b59511d360fb394"

[[projects]]
  branch = "master"
  name = "github.com/spf13/nitro"
  packages = ["."]
  revision = "24d7ef30a12da0bdc5e2eb370a79c659ddccf0e8"

[[projects]]
  name = "github.com/spf13/pflag"
  packages = ["."]
  revision = "e57e3eeb33f795204c1ca35f56c44f83227c6e66"
  version = "v1.0.0"

[[projects]]
  name = "github.com/spf13/viper"
  packages = ["."]
  revision = "25b30aa063fc18e48662b86996252eabdcf2f0c7"
  version = "v1.0.0"

[[projects]]
  name = "github.com/tdewolff/minify"
  packages = [".","cmd/minify","css","html","js","json","svg","xml"]
  revision = "222672169d634c440a73abc47685074e1a9daa60"
  version = "v2.3.4"

[[projects]]
  name = "github.com/tdewolff/parse"
  packages = [".","buffer","css","html","js","json","strconv","svg","xml"]
  revision = "639f6272aec6b52094db77b9ec488214b0b4b1a1"
  version = "v2.3.2"

[[projects]]
  branch = "master"
  name = "github.com/vaughan0/go-ini"
  packages = ["."]
  revision = "a98ad7ee00ec53921f08832bc06ecf7fd600e6a1"

[[projects]]
  name = "github.com/yosssi/ace"
  packages = ["."]
  revision = "ea038f4770b6746c3f8f84f14fa60d9fe1205b56"
  version = "v0.0.5"

[[projects]]
  branch = "master"
  name = "golang.org/x/image"
  packages = ["bmp","draw","math/f64","riff","tiff","tiff/lzw","vp8","vp8l","webp"]
  revision = "12117c17ca67ffa1ce22e9409f3b0b0a93ac08c7"

[[projects]]
  branch = "master"
  name = "golang.org/x/net"
  packages = ["context","idna"]
  revision = "f5dfe339be1d06f81b22525fe34671ee7d2c8904"

[[projects]]
  branch = "master"
  name = "golang.org/x/sync"
  packages = ["errgroup"]
  revision = "fd80eb99c8f653c847d294a001bdf2a3a6f768f5"

[[projects]]
  branch = "master"
  name = "golang.org/x/sys"
  packages = ["unix"]
  revision = "37707fdb30a5b38865cfb95e5aab41707daec7fd"

[[projects]]
  branch = "master"
  name = "golang.org/x/text"
  packages = ["collate","collate/build","internal/colltab","internal/gen","internal/tag","internal/triegen","internal/ucd","language","secure/bidirule","transform","unicode/bidi","unicode/cldr","unicode/norm","unicode/rangetable","width"]
  revision = "4e4a3210bb54bb31f6ab2cdca2edcc0b50c420c1"

[[projects]]
  branch = "v2"
  name = "gopkg.in/yaml.v2"
  packages = ["."]
  revision = "d670f9405373e636a5a2765eea47fac0c9bc91a4"

[solve-meta]
  analyzer-name = "dep"
  analyzer-version = 1
  inputs-digest = "f7bc6b0bd1c37d99bfe289a74be08da6335836276975601321996938c4a2b0ec"
  solver-name = "gps-cdcl"
  solver-version = 1
